
Microsoft Visual Studio Solution File, Format Version 12.00
# Visual Studio Version 17
VisualStudioVersion = 17.3.32819.101
MinimumVisualStudioVersion = 10.0.40219.1
Project("{FAE04EC0-301F-11D3-BF4B-00C04F79EFBC}") = "Assignment", "Assignment\Assignment.csproj", "{19829EA6-92D3-4B34-AEC4-39A5CE34C153}"
EndProject
Global
	GlobalSection(SolutionConfigurationPlatforms) = preSolution
		Debug|Any CPU = Debug|Any CPU
		Release|Any CPU = Release|Any CPU
	EndGlobalSection
	GlobalSection(ProjectConfigurationPlatforms) = postSolution
		{19829EA6-92D3-4B34-AEC4-39A5CE34C153}.Debug|Any CPU.ActiveCfg = Debug|Any CPU
		{19829EA6-92D3-4B34-AEC4-39A5CE34C153}.Debug|Any CPU.Build.0 = Debug|Any CPU
		{19829EA6-92D3-4B34-AEC4-39A5CE34C153}.Release|Any CPU.ActiveCfg = Release|Any CPU
		{19829EA6-92D3-4B34-AEC4-39A5CE34C153}.Release|Any CPU.Build.0 = Release|Any CPU
	EndGlobalSection
	GlobalSection(SolutionProperties) = preSolution
		HideSolutionNode = FALSE
	EndGlobalSection
	GlobalSection(ExtensibilityGlobals) = postSolution
		SolutionGuid = {AA0D58B4-C705-4F27-9BD0-FAE9F6D19073}
	EndGlobalSection
EndGlobal
